
Microsoft Visual Studio Solution File, Format Version 12.00
# Visual Studio Version 17
VisualStudioVersion = 17.1.32328.378
MinimumVisualStudioVersion = 10.0.40219.1
Project("{FAE04EC0-301F-11D3-BF4B-00C04F79EFBC}") = "AuthServer", "src\AuthServer\AuthServer.csproj", "{E0C0AE98-430D-4032-9022-64C1432F8380}"
EndProject
Project("{FAE04EC0-301F-11D3-BF4B-00C04F79EFBC}") = "CharServer", "src\CharServer\CharServer.csproj", "{1A414A34-102F-45C8-B189-E85991CFE61A}"
EndProject
Project("{FAE04EC0-301F-11D3-BF4B-00C04F79EFBC}") = "ZoneServer", "src\ZoneServer\ZoneServer.csproj", "{BFAA7DCB-3845-4EF3-B2B2-10D94EE3287E}"
EndProject
Project("{FAE04EC0-301F-11D3-BF4B-00C04F79EFBC}") = "Tests.Shared", "src\Tests.Shared\Tests.Shared.csproj", "{A4672369-9608-4618-8CB3-24805F4DAFC0}"
EndProject
Project("{2150E333-8FDC-42A3-9474-1A3956D46DE8}") = "1 Servers", "1 Servers", "{6E8B54C2-7014-42DC-A88D-7CCFA3F03C0B}"
EndProject
Project("{2150E333-8FDC-42A3-9474-1A3956D46DE8}") = "2 Libs", "2 Libs", "{AF1762B2-26D4-42E7-A19B-8DEADB8E1E4B}"
EndProject
Project("{2150E333-8FDC-42A3-9474-1A3956D46DE8}") = "3 Tests", "3 Tests", "{93C1B757-22B6-4370-8893-AAB8CD6E59B5}"
EndProject
Project("{FAE04EC0-301F-11D3-BF4B-00C04F79EFBC}") = "Shared", "src\Shared\Shared.csproj", "{DF6ABA4A-9E79-4746-AC43-E9A2080A00C1}"
EndProject
Global
	GlobalSection(SolutionConfigurationPlatforms) = preSolution
		Debug|Any CPU = Debug|Any CPU
		Release|Any CPU = Release|Any CPU
	EndGlobalSection
	GlobalSection(ProjectConfigurationPlatforms) = postSolution
		{E0C0AE98-430D-4032-9022-64C1432F8380}.Debug|Any CPU.ActiveCfg = Debug|Any CPU
		{E0C0AE98-430D-4032-9022-64C1432F8380}.Debug|Any CPU.Build.0 = Debug|Any CPU
		{E0C0AE98-430D-4032-9022-64C1432F8380}.Release|Any CPU.ActiveCfg = Release|Any CPU
		{E0C0AE98-430D-4032-9022-64C1432F8380}.Release|Any CPU.Build.0 = Release|Any CPU
		{1A414A34-102F-45C8-B189-E85991CFE61A}.Debug|Any CPU.ActiveCfg = Debug|Any CPU
		{1A414A34-102F-45C8-B189-E85991CFE61A}.Debug|Any CPU.Build.0 = Debug|Any CPU
		{1A414A34-102F-45C8-B189-E85991CFE61A}.Release|Any CPU.ActiveCfg = Release|Any CPU
		{1A414A34-102F-45C8-B189-E85991CFE61A}.Release|Any CPU.Build.0 = Release|Any CPU
		{BFAA7DCB-3845-4EF3-B2B2-10D94EE3287E}.Debug|Any CPU.ActiveCfg = Debug|Any CPU
		{BFAA7DCB-3845-4EF3-B2B2-10D94EE3287E}.Debug|Any CPU.Build.0 = Debug|Any CPU
		{BFAA7DCB-3845-4EF3-B2B2-10D94EE3287E}.Release|Any CPU.ActiveCfg = Release|Any CPU
		{BFAA7DCB-3845-4EF3-B2B2-10D94EE3287E}.Release|Any CPU.Build.0 = Release|Any CPU
		{A4672369-9608-4618-8CB3-24805F4DAFC0}.Debug|Any CPU.ActiveCfg = Debug|Any CPU
		{A4672369-9608-4618-8CB3-24805F4DAFC0}.Debug|Any CPU.Build.0 = Debug|Any CPU
		{A4672369-9608-4618-8CB3-24805F4DAFC0}.Release|Any CPU.ActiveCfg = Release|Any CPU
		{A4672369-9608-4618-8CB3-24805F4DAFC0}.Release|Any CPU.Build.0 = Release|Any CPU
		{DF6ABA4A-9E79-4746-AC43-E9A2080A00C1}.Debug|Any CPU.ActiveCfg = Debug|Any CPU
		{DF6ABA4A-9E79-4746-AC43-E9A2080A00C1}.Debug|Any CPU.Build.0 = Debug|Any CPU
		{DF6ABA4A-9E79-4746-AC43-E9A2080A00C1}.Release|Any CPU.ActiveCfg = Release|Any CPU
		{DF6ABA4A-9E79-4746-AC43-E9A2080A00C1}.Release|Any CPU.Build.0 = Release|Any CPU
	EndGlobalSection
	GlobalSection(SolutionProperties) = preSolution
		HideSolutionNode = FALSE
	EndGlobalSection
	GlobalSection(NestedProjects) = preSolution
		{E0C0AE98-430D-4032-9022-64C1432F8380} = {6E8B54C2-7014-42DC-A88D-7CCFA3F03C0B}
		{1A414A34-102F-45C8-B189-E85991CFE61A} = {6E8B54C2-7014-42DC-A88D-7CCFA3F03C0B}
		{BFAA7DCB-3845-4EF3-B2B2-10D94EE3287E} = {6E8B54C2-7014-42DC-A88D-7CCFA3F03C0B}
		{A4672369-9608-4618-8CB3-24805F4DAFC0} = {93C1B757-22B6-4370-8893-AAB8CD6E59B5}
		{DF6ABA4A-9E79-4746-AC43-E9A2080A00C1} = {AF1762B2-26D4-42E7-A19B-8DEADB8E1E4B}
	EndGlobalSection
	GlobalSection(ExtensibilityGlobals) = postSolution
		SolutionGuid = {BBFC6BE3-A8BD-4B9A-B511-0A5051721886}
	EndGlobalSection
EndGlobal
